<?xml version="1.0" encoding="utf-8"?>
<Project ToolsVersion="4.0" xmlns="http://schemas.microsoft.com/developer/msbuild/2003">
  <ItemGroup>
    <Filter Include="Code Files">
      <UniqueIdentifier>{D5DD39DF-E80B-4E73-B01F-6537408F54E2}</UniqueIdentifier>
      <Extensions>cpp;c;cc;cxx;c++;cppm;ixx</Extensions>
    </Filter>
    <Filter Include="Header Files">
      <UniqueIdentifier>{EDAAED8A-1DE3-4E7F-9B4A-E9CEBD04D6D7}</UniqueIdentifier>
      <Extensions>h;hh;hpp;hxx;h++;inl;inc;ipp</Extensions>
    </Filter>
  </ItemGroup>
  <ItemGroup>
    <ClCompile Include="Code\EngineTests\Main.cpp">
      <Filter>Code Files</Filter>
    </ClCompile>
    <ClCompile Include="Code\EngineTests\FrameworkTestRegistration.cpp">
      <Filter>Code Files</Filter>
    </ClCompile>
    <ClCompile Include="Code\EngineTests\Framework\FrameworkBackendTest.cpp">
      <Filter>Code Files</Filter>
    </ClCompile>
    <ClCompile Include="Code\EngineTests\Framework\FrameworkTest.cpp">
      <Filter>Code Files</Filter>
    </ClCompile>
    <ClCompile Include="Code\EngineTests\Framework\FrameworkTestCase.cpp">
      <Filter>Code Files</Filter>
    </ClCompile>
    <ClCompile Include="Code\EngineTests\Framework\TestFramework.cpp">
      <Filter>Code Files</Filter>
    </ClCompile>
    <ClCompile Include="Code\EngineTests\Tests\EntityTest.cpp">
      <Filter>Code Files</Filter>
    </ClCompile>
    <ClCompile Include="Code\EngineTests\Tests\FrameworkEntityAddRemoveTestCase.cpp">
      <Filter>Code Files</Filter>
    </ClCompile>
    <ClCompile Include="Code\EngineTests\Tests\FrameworkEntityUpdateTestCase.cpp">
      <Filter>Code Files</Filter>
    </ClCompile>
    <ClCompile Include="Code\EngineTests\Tests\FrameworkEntityBridgeTestCase.cpp">
      <Filter>Code Files</Filter>
    </ClCompile>
    <ClCompile Include="Code\EngineTests\Tests\FrameworkEntityBridgeSyncTestCase.cpp">
      <Filter>Code Files</Filter>
    </ClCompile>
    <ClCompile Include="Code\EngineTests\Tests\FrameworkEntityComponentPropertyTestCase.cpp">
      <Filter>Code Files</Filter>
    </ClCompile>
    <ClCompile Include="Code\EngineTests\Tests\FrameworkCLIModuleTestCase.cpp">
      <Filter>Code Files</Filter>
    </ClCompile>
    <ClCompile Include="Code\EngineTests\Tests\FrameworkInputModuleTestCase.cpp">
      <Filter>Code Files</Filter>
    </ClCompile>
    <ClCompile Include="Code\EngineTests\Tests\FrameworkCameraBridgeTestCase.cpp">
      <Filter>Code Files</Filter>
    </ClCompile>
    <ClCompile Include="Code\EngineTests\Tests\FrameworkRenderWorldTestCase.cpp">
      <Filter>Code Files</Filter>
    </ClCompile>
    <ClCompile Include="Code\EngineTests\Tests\FrameworkBridgeLifecycleTestCase.cpp">
      <Filter>Code Files</Filter>
    </ClCompile>
    <ClCompile Include="Code\EngineTests\Tests\FrameworkObjMeshLoaderTestCase.cpp">
      <Filter>Code Files</Filter>
    </ClCompile>
    <ClCompile Include="Code\EngineTests\Tests\FrameworkPipelineStateLifecycleTestCase.cpp">
      <Filter>Code Files</Filter>
    </ClCompile>
    <ClCompile Include="Code\EngineTests\Tests\FrameworkRootSignatureLifecycleTestCase.cpp">
      <Filter>Code Files</Filter>
    </ClCompile>
    <ClCompile Include="Code\EngineTests\Tests\FrameworkShaderAssetSmokeTestCase.cpp">
      <Filter>Code Files</Filter>
    </ClCompile>
    <ClCompile Include="Code\EngineTests\Tests\FrameworkShaderPackageTestCase.cpp">
      <Filter>Code Files</Filter>
    </ClCompile>
    <ClCompile Include="Code\EngineTests\Tests\FrameworkWorldSerializationTestCase.cpp">
      <Filter>Code Files</Filter>
    </ClCompile>
  </ItemGroup>
  <ItemGroup>
    <ClInclude Include="..\Engine\Code\Engine\Assets\MeshAsset.h">
      <Filter>Header Files</Filter>
    </ClInclude>
    <ClInclude Include="..\Engine\Code\Bridge\BaseBridge.h">
      <Filter>Header Files</Filter>
    </ClInclude>
    <ClInclude Include="..\Engine\Code\Bridge\BridgeHandle.h">
      <Filter>Header Files</Filter>
    </ClInclude>
    <ClInclude Include="..\Engine\Code\Bridge\Brdige.h">
      <Filter>Header Files</Filter>
    </ClInclude>
    <ClInclude Include="..\Engine\Code\Bridge\DefaultBridge.h">
      <Filter>Header Files</Filter>
    </ClInclude>
    <ClInclude Include="..\Engine\Code\Bridge\CameraBridge.h">
      <Filter>Header Files</Filter>
    </ClInclude>
    <ClInclude Include="..\Engine\Code\Bridge\EntityBridge.h">
      <Filter>Header Files</Filter>
    </ClInclude>
    <ClInclude Include="..\Engine\Code\Bridge\MeshBridge.h">
      <Filter>Header Files</Filter>
    </ClInclude>
    <ClInclude Include="..\Engine\Code\Engine\Framework\BackendValidation.h">
      <Filter>Header Files</Filter>
    </ClInclude>
    <ClInclude Include="..\Engine\Code\Engine\Framework\CameraComponent.h">
      <Filter>Header Files</Filter>
    </ClInclude>
    <ClInclude Include="..\Engine\Code\Engine\Framework\EditorCameraMovementComponent.h">
      <Filter>Header Files</Filter>
    </ClInclude>
    <ClInclude Include="..\Engine\Code\Engine\Framework\MeshComponent.h">
      <Filter>Header Files</Filter>
    </ClInclude>
    <ClInclude Include="..\Engine\Code\Engine\Framework\Component.h">
      <Filter>Header Files</Filter>
    </ClInclude>
    <ClInclude Include="..\Engine\Code\Engine\Framework\Entity.h">
      <Filter>Header Files</Filter>
    </ClInclude>
    <ClInclude Include="..\Engine\Code\Engine\Framework\EntityObject.h">
      <Filter>Header Files</Filter>
    </ClInclude>
    <ClInclude Include="..\Engine\Code\Engine\Framework\FrameworkConstants.h">
      <Filter>Header Files</Filter>
    </ClInclude>
    <ClInclude Include="..\Engine\Code\Engine\Framework\Framework.h">
      <Filter>Header Files</Filter>
    </ClInclude>
    <ClInclude Include="Code\EngineTests\Framework\FrameworkTestCase.h">
      <Filter>Header Files</Filter>
    </ClInclude>
    <ClInclude Include="Code\EngineTests\Framework\FrameworkBackendTest.h">
      <Filter>Header Files</Filter>
    </ClInclude>
    <ClInclude Include="Code\EngineTests\Framework\FrameworkTest.h">
      <Filter>Header Files</Filter>
    </ClInclude>
    <ClInclude Include="Code\EngineTests\Framework\TestFramework.h">
      <Filter>Header Files</Filter>
    </ClInclude>
    <ClInclude Include="Code\EngineTests\FrameworkTestRegistration.h">
      <Filter>Header Files</Filter>
    </ClInclude>
    <ClInclude Include="..\Engine\Code\Engine\Framework\PlaceableEntity.h">
      <Filter>Header Files</Filter>
    </ClInclude>
    <ClInclude Include="..\Engine\Code\Engine\Framework\Transform.h">
      <Filter>Header Files</Filter>
    </ClInclude>
    <ClInclude Include="..\Engine\Code\Engine\Framework\World.h">
      <Filter>Header Files</Filter>
    </ClInclude>
    <ClInclude Include="..\Engine\Code\Engine\Module\Module.h">
      <Filter>Header Files</Filter>
    </ClInclude>
    <ClInclude Include="..\Engine\Code\Engine\Module\Bridge\BridgeModule.h">
      <Filter>Header Files</Filter>
    </ClInclude>
    <ClInclude Include="..\Engine\Code\Engine\Module\CLI\CLIModule.h">
      <Filter>Header Files</Filter>
    </ClInclude>
    <ClInclude Include="..\Engine\Code\Engine\Module\Input\InputModule.h">
      <Filter>Header Files</Filter>
    </ClInclude>
    <ClInclude Include="..\Engine\Code\Engine\Common\Singleton.h">
      <Filter>Header Files</Filter>
    </ClInclude>
    <ClInclude Include="..\Engine\Code\Engine\Module\Render\GPUUploader.h">
      <Filter>Header Files</Filter>
    </ClInclude>
    <ClInclude Include="..\Engine\Code\Engine\Module\Render\RenderBackendModule.h">
      <Filter>Header Files</Filter>
    </ClInclude>
    <ClInclude Include="..\Engine\Code\Engine\Module\UI\ImGuiLayerModule.h">
      <Filter>Header Files</Filter>
    </ClInclude>
    <ClInclude Include="..\Engine\Code\Engine\Module\Timer\Timer.h">
      <Filter>Header Files</Filter>
    </ClInclude>
    <ClInclude Include="Code\EngineTests\Tests\EntityTest.h">
      <Filter>Header Files</Filter>
    </ClInclude>
    <ClInclude Include="Code\EngineTests\Tests\EmptyComponent.h">
      <Filter>Header Files</Filter>
    </ClInclude>
    <ClInclude Include="Code\EngineTests\Tests\FrameworkEntityAddRemoveTestCase.h">
      <Filter>Header Files</Filter>
    </ClInclude>
    <ClInclude Include="Code\EngineTests\Tests\FrameworkEntityUpdateTestCase.h">
      <Filter>Header Files</Filter>
    </ClInclude>
    <ClInclude Include="Code\EngineTests\Tests\FrameworkEntityBridgeTestCase.h">
      <Filter>Header Files</Filter>
    </ClInclude>
    <ClInclude Include="Code\EngineTests\Tests\FrameworkEntityBridgeSyncTestCase.h">
      <Filter>Header Files</Filter>
    </ClInclude>
    <ClInclude Include="Code\EngineTests\Tests\FrameworkEntityComponentPropertyTestCase.h">
      <Filter>Header Files</Filter>
    </ClInclude>
    <ClInclude Include="Code\EngineTests\Tests\FrameworkCLIModuleTestCase.h">
      <Filter>Header Files</Filter>
    </ClInclude>
    <ClInclude Include="Code\EngineTests\Tests\FrameworkInputModuleTestCase.h">
      <Filter>Header Files</Filter>
    </ClInclude>
    <ClInclude Include="Code\EngineTests\Tests\FrameworkCameraBridgeTestCase.h">
      <Filter>Header Files</Filter>
    </ClInclude>
    <ClInclude Include="Code\EngineTests\Tests\FrameworkRenderWorldTestCase.h">
      <Filter>Header Files</Filter>
    </ClInclude>
    <ClInclude Include="Code\EngineTests\Tests\FrameworkBridgeLifecycleTestCase.h">
      <Filter>Header Files</Filter>
    </ClInclude>
    <ClInclude Include="Code\EngineTests\Tests\FrameworkObjMeshLoaderTestCase.h">
      <Filter>Header Files</Filter>
    </ClInclude>
    <ClInclude Include="Code\EngineTests\Tests\FrameworkPipelineStateLifecycleTestCase.h">
      <Filter>Header Files</Filter>
    </ClInclude>
    <ClInclude Include="Code\EngineTests\Tests\FrameworkRootSignatureLifecycleTestCase.h">
      <Filter>Header Files</Filter>
    </ClInclude>
    <ClInclude Include="Code\EngineTests\Tests\FrameworkShaderAssetSmokeTestCase.h">
      <Filter>Header Files</Filter>
    </ClInclude>
    <ClInclude Include="Code\EngineTests\Tests\FrameworkShaderPackageTestCase.h">
      <Filter>Header Files</Filter>
    </ClInclude>
    <ClInclude Include="Code\EngineTests\Tests\FrameworkWorldSerializationTestCase.h">
      <Filter>Header Files</Filter>
    </ClInclude>
    <ClInclude Include="Code\EngineTests\Tests\UpdateOrderRecordingComponent.h">
      <Filter>Header Files</Filter>
    </ClInclude>
    <ClInclude Include="..\Engine\Code\Engine\Platform\PlatformDefine.h">
      <Filter>Header Files</Filter>
    </ClInclude>
    <ClInclude Include="..\Engine\Code\Engine\Platform\PlatformDefineWin32.h">
      <Filter>Header Files</Filter>
    </ClInclude>
    <ClInclude Include="..\Engine\Code\Engine\Platform\PlatformDefineAndroid.h">
      <Filter>Header Files</Filter>
    </ClInclude>
    <ClInclude Include="..\Engine\Code\Engine\Platform\PlatformDefineApple.h">
      <Filter>Header Files</Filter>
    </ClInclude>
    <ClInclude Include="..\Engine\Code\Engine\Platform\InplaceVector.h">
      <Filter>Header Files</Filter>
    </ClInclude>
    <ClInclude Include="..\Engine\Code\Engine\Platform\Math.h">
      <Filter>Header Files</Filter>
    </ClInclude>
    <ClInclude Include="..\Engine\Code\Engine\Platform\SIMDMath.h">
      <Filter>Header Files</Filter>
    </ClInclude>
    <ClInclude Include="..\Engine\Code\Render\Backends\Dx12\Dx12CommandList.h">
      <Filter>Header Files</Filter>
    </ClInclude>
    <ClInclude Include="..\Engine\Code\Render\Backends\Dx12\Dx12CommandQueue.h">
      <Filter>Header Files</Filter>
    </ClInclude>
    <ClInclude Include="..\Engine\Code\Render\Backends\Dx12\Dx12Converter.h">
      <Filter>Header Files</Filter>
    </ClInclude>
    <ClInclude Include="..\Engine\Code\Render\Backends\Dx12\Dx12DepthStencilView.h">
      <Filter>Header Files</Filter>
    </ClInclude>
    <ClInclude Include="..\Engine\Code\Render\Backends\Dx12\Dx12RenderBackend.h">
      <Filter>Header Files</Filter>
    </ClInclude>
    <ClInclude Include="..\Engine\Code\Render\Backends\Dx12\Dx12PipelineStateDesc.h">
      <Filter>Header Files</Filter>
    </ClInclude>
    <ClInclude Include="..\Engine\Code\Render\Backends\Dx12\Dx12PipelineStateObject.h">
      <Filter>Header Files</Filter>
    </ClInclude>
    <ClInclude Include="..\Engine\Code\Render\Backends\Dx12\Dx12Shader.h">
      <Filter>Header Files</Filter>
    </ClInclude>
    <ClInclude Include="..\Engine\Code\Render\Backends\Dx12\Dx12RenderTargetView.h">
      <Filter>Header Files</Filter>
    </ClInclude>
    <ClInclude Include="..\Engine\Code\Render\Backends\Dx12\Dx12RootSignatureDesc.h">
      <Filter>Header Files</Filter>
    </ClInclude>
    <ClInclude Include="..\Engine\Code\Render\Backends\Dx12\Dx12RootSignatureObject.h">
      <Filter>Header Files</Filter>
    </ClInclude>
    <ClInclude Include="..\Engine\Code\Render\Backends\Dx12\Dx12ResourceObject.h">
      <Filter>Header Files</Filter>
    </ClInclude>
    <ClInclude Include="..\Engine\Code\Render\Backends\Dx12\Dx12SwapChain.h">
      <Filter>Header Files</Filter>
    </ClInclude>
    <ClInclude Include="..\Engine\Code\Render\Backends\Dx12\Dx12SyncObject.h">
      <Filter>Header Files</Filter>
    </ClInclude>
    <ClInclude Include="..\Engine\Code\Render\Backends\RenderBackendDefinitions.h">
      <Filter>Header Files</Filter>
    </ClInclude>
    <ClInclude Include="..\Engine\Code\Render\Backends\RenderBackend.h">
      <Filter>Header Files</Filter>
    </ClInclude>
    <ClInclude Include="..\Engine\Code\Engine\Module\MeshParser\FbxBinaryParser.h">
      <Filter>Header Files</Filter>
    </ClInclude>
    <ClInclude Include="..\Engine\Code\Engine\Module\MeshParser\FbxMeshParserStub.h">
      <Filter>Header Files</Filter>
    </ClInclude>
    <ClInclude Include="..\Engine\Code\Engine\Module\DiskLoader\DiskLoaderModule.h">
      <Filter>Header Files</Filter>
    </ClInclude>
    <ClInclude Include="..\Engine\Code\Engine\Module\MeshParser\MeshParser.h">
      <Filter>Header Files</Filter>
    </ClInclude>
    <ClInclude Include="..\Engine\Code\Engine\Module\MeshStreaming\MeshStreaming.h">
      <Filter>Header Files</Filter>
    </ClInclude>
    <ClInclude Include="..\Engine\Code\Engine\Module\MeshParser\ObjMeshParser.h">
      <Filter>Header Files</Filter>
    </ClInclude>
    <ClInclude Include="..\Engine\Code\Engine\Module\ShaderCompiler\ShaderCompiler.h">
      <Filter>Header Files</Filter>
    </ClInclude>
    <ClInclude Include="..\Engine\Code\Engine\Module\Shader\ShaderModule.h">
      <Filter>Header Files</Filter>
    </ClInclude>
    <ClInclude Include="..\Engine\Code\Engine\Module\ShaderPackage\ShaderPackageModule.h">
      <Filter>Header Files</Filter>
    </ClInclude>
    <ClInclude Include="..\Engine\Code\Render\CommandList.h">
      <Filter>Header Files</Filter>
    </ClInclude>
    <ClInclude Include="..\Engine\Code\Render\DepthStencilView.h">
      <Filter>Header Files</Filter>
    </ClInclude>
    <ClInclude Include="..\Engine\Code\Render\CommandQueue.h">
      <Filter>Header Files</Filter>
    </ClInclude>
    <ClInclude Include="..\Engine\Code\Render\RenderCommand.h">
      <Filter>Header Files</Filter>
    </ClInclude>
    <ClInclude Include="..\Engine\Code\Render\RenderTargetView.h">
      <Filter>Header Files</Filter>
    </ClInclude>
    <ClInclude Include="..\Engine\Code\Render\PipelineStateManager.h">
      <Filter>Header Files</Filter>
    </ClInclude>
    <ClInclude Include="..\Engine\Code\Render\PipelineStateObject.h">
      <Filter>Header Files</Filter>
    </ClInclude>
    <ClInclude Include="..\Engine\Code\Render\RootSignatureManager.h">
      <Filter>Header Files</Filter>
    </ClInclude>
    <ClInclude Include="..\Engine\Code\Render\RootSignatureObject.h">
      <Filter>Header Files</Filter>
    </ClInclude>
    <ClInclude Include="..\Engine\Code\Render\ResourceObject.h">
      <Filter>Header Files</Filter>
    </ClInclude>
    <ClInclude Include="..\Engine\Code\Render\ResourceState.h">
      <Filter>Header Files</Filter>
    </ClInclude>
    <ClInclude Include="..\Engine\Code\Render\SyncObject.h">
      <Filter>Header Files</Filter>
    </ClInclude>
    <ClInclude Include="..\Engine\Code\Render\SwapChain.h">
      <Filter>Header Files</Filter>
    </ClInclude>
    <ClInclude Include="..\Engine\Code\Render\Screen.h">
      <Filter>Header Files</Filter>
    </ClInclude>
    <ClInclude Include="..\Engine\Code\Render\Shader.h">
      <Filter>Header Files</Filter>
    </ClInclude>
    <ClInclude Include="..\Engine\Code\Render\Renderer.h">
      <Filter>Header Files</Filter>
    </ClInclude>
    <ClInclude Include="..\Engine\Code\Render\RenderWorld.h">
      <Filter>Header Files</Filter>
    </ClInclude>
    <ClInclude Include="..\Engine\Code\Render\RenderTypes.h">
      <Filter>Header Files</Filter>
    </ClInclude>
    <ClInclude Include="..\Engine\Code\Render\ResourceTypes.h">
      <Filter>Header Files</Filter>
    </ClInclude>
    <ClInclude Include="..\Engine\Code\Engine\Window\WindowsWindowObject.h">
      <Filter>Header Files</Filter>
    </ClInclude>
    <ClInclude Include="..\Engine\Code\ThirdParty\ImGui\imgui.h">
      <Filter>Header Files</Filter>
    </ClInclude>
    <ClInclude Include="..\Engine\Code\ThirdParty\ImGui\imgui_internal.h">
      <Filter>Header Files</Filter>
    </ClInclude>
    <ClInclude Include="..\Engine\Code\ThirdParty\ImGui\imconfig.h">
      <Filter>Header Files</Filter>
    </ClInclude>
    <ClInclude Include="..\Engine\Code\ThirdParty\ImGui\imstb_rectpack.h">
      <Filter>Header Files</Filter>
    </ClInclude>
    <ClInclude Include="..\Engine\Code\ThirdParty\ImGui\imstb_textedit.h">
      <Filter>Header Files</Filter>
    </ClInclude>
    <ClInclude Include="..\Engine\Code\ThirdParty\ImGui\imstb_truetype.h">
      <Filter>Header Files</Filter>
    </ClInclude>
    <ClInclude Include="..\Engine\Code\ThirdParty\ImGui\backends\imgui_impl_dx12.h">
      <Filter>Header Files</Filter>
    </ClInclude>
    <ClInclude Include="..\Engine\Code\ThirdParty\ImGui\backends\imgui_impl_win32.h">
      <Filter>Header Files</Filter>
    </ClInclude>
    <ClInclude Include="..\Engine\Code\ThirdParty\ImGui\misc\cpp\imgui_stdlib.h">
      <Filter>Header Files</Filter>
    </ClInclude>
    <ClInclude Include="..\Engine\Code\ThirdParty\Zlib\crc32.h">
      <Filter>Header Files</Filter>
    </ClInclude>
    <ClInclude Include="..\Engine\Code\ThirdParty\Zlib\gzguts.h">
      <Filter>Header Files</Filter>
    </ClInclude>
    <ClInclude Include="..\Engine\Code\ThirdParty\Zlib\inflate.h">
      <Filter>Header Files</Filter>
    </ClInclude>
    <ClInclude Include="..\Engine\Code\ThirdParty\Zlib\inffast.h">
      <Filter>Header Files</Filter>
    </ClInclude>
    <ClInclude Include="..\Engine\Code\ThirdParty\Zlib\inftrees.h">
      <Filter>Header Files</Filter>
    </ClInclude>
    <ClInclude Include="..\Engine\Code\ThirdParty\Zlib\inffixed.h">
      <Filter>Header Files</Filter>
    </ClInclude>
    <ClInclude Include="..\Engine\Code\ThirdParty\Zlib\zconf.h">
      <Filter>Header Files</Filter>
    </ClInclude>
    <ClInclude Include="..\Engine\Code\ThirdParty\Zlib\zlib.h">
      <Filter>Header Files</Filter>
    </ClInclude>
    <ClInclude Include="..\Engine\Code\ThirdParty\Zlib\zutil.h">
      <Filter>Header Files</Filter>
    </ClInclude>
  </ItemGroup>
</Project>

