<?xml version="1.0" encoding="utf-8"?>
<Project ToolsVersion="4.0" xmlns="http://schemas.microsoft.com/developer/msbuild/2003">
  <ItemGroup>
    <Filter Include="Code Files">
      <UniqueIdentifier>{D5DD39DF-E80B-4E73-B01F-6537408F54E2}</UniqueIdentifier>
      <Extensions>cpp;c;cc;cxx;c++;cppm;ixx</Extensions>
    </Filter>
    <Filter Include="Header Files">
      <UniqueIdentifier>{EDAAED8A-1DE3-4E7F-9B4A-E9CEBD04D6D7}</UniqueIdentifier>
      <Extensions>h;hh;hpp;hxx;h++;inl;inc;ipp</Extensions>
    </Filter>
  </ItemGroup>
  <ItemGroup>
    <ClCompile Include="Engine\Code\Engine\Main.cpp">
      <Filter>Code Files</Filter>
    </ClCompile>
    <ClCompile Include="Engine\Code\Engine\Framework\BackendValidation.cpp">
      <Filter>Code Files</Filter>
    </ClCompile>
    <ClCompile Include="Engine\Code\Engine\Framework\MeshComponent.cpp">
      <Filter>Code Files</Filter>
    </ClCompile>
    <ClCompile Include="Engine\Code\Engine\Framework\FrameworkFileSystem.cpp">
      <Filter>Code Files</Filter>
    </ClCompile>
    <ClCompile Include="Engine\Code\Engine\Framework\FrameworkSerialization.cpp">
      <Filter>Code Files</Filter>
    </ClCompile>
    <ClCompile Include="Engine\Code\Engine\Framework\Entity.cpp">
      <Filter>Code Files</Filter>
    </ClCompile>
    <ClCompile Include="Engine\Code\Engine\Framework\Framework.cpp">
      <Filter>Code Files</Filter>
    </ClCompile>
    <ClCompile Include="Engine\Code\Engine\Framework\FrameworkBackend.cpp">
      <Filter>Code Files</Filter>
    </ClCompile>
    <ClCompile Include="Engine\Code\Engine\Framework\FrameworkModule.cpp">
      <Filter>Code Files</Filter>
    </ClCompile>
    <ClCompile Include="Engine\Code\Engine\Framework\FrameworkTest.cpp">
      <Filter>Code Files</Filter>
    </ClCompile>
    <ClCompile Include="Engine\Code\Engine\Framework\FrameworkTestCase.cpp">
      <Filter>Code Files</Filter>
    </ClCompile>
    <ClCompile Include="Engine\Code\Engine\Framework\TestFramework.cpp">
      <Filter>Code Files</Filter>
    </ClCompile>
    <ClCompile Include="Engine\Code\Engine\Framework\PlaceableEntity.cpp">
      <Filter>Code Files</Filter>
    </ClCompile>
    <ClCompile Include="Engine\Code\Bridge\EntityBridge.cpp">
      <Filter>Code Files</Filter>
    </ClCompile>
    <ClCompile Include="Engine\Code\Bridge\MeshBridge.cpp">
      <Filter>Code Files</Filter>
    </ClCompile>
    <ClCompile Include="Engine\Code\Engine\Module\Bridge\BridgeModule.cpp">
      <Filter>Code Files</Filter>
    </ClCompile>
    <ClCompile Include="Engine\Code\Engine\Module\Timer\Timer.cpp">
      <Filter>Code Files</Filter>
    </ClCompile>
    <ClCompile Include="Engine\Code\Engine\Module\Render\RenderBackendModule.cpp">
      <Filter>Code Files</Filter>
    </ClCompile>
    <ClCompile Include="Engine\Code\Engine\Module\UI\ImGuiLayerModule.cpp">
      <Filter>Code Files</Filter>
    </ClCompile>
    <ClCompile Include="Engine\Code\Engine\Framework\World.cpp">
      <Filter>Code Files</Filter>
    </ClCompile>
    <ClCompile Include="Engine\Code\Engine\Window\WindowsWindowObject.cpp">
      <Filter>Code Files</Filter>
    </ClCompile>
    <ClCompile Include="Engine\Code\Engine\Tests\EntityTest.cpp">
      <Filter>Code Files</Filter>
    </ClCompile>
    <ClCompile Include="Engine\Code\Engine\Tests\FrameworkEntityAddRemoveTestCase.cpp">
      <Filter>Code Files</Filter>
    </ClCompile>
    <ClCompile Include="Engine\Code\Engine\Tests\FrameworkEntityUpdateTestCase.cpp">
      <Filter>Code Files</Filter>
    </ClCompile>
    <ClCompile Include="Engine\Code\Engine\Tests\FrameworkEntityBridgeTestCase.cpp">
      <Filter>Code Files</Filter>
    </ClCompile>
    <ClCompile Include="Engine\Code\Engine\Tests\FrameworkEntityBridgeSyncTestCase.cpp">
      <Filter>Code Files</Filter>
    </ClCompile>
    <ClCompile Include="Engine\Code\Engine\Tests\FrameworkRenderWorldTestCase.cpp">
      <Filter>Code Files</Filter>
    </ClCompile>
    <ClCompile Include="Engine\Code\Engine\Tests\FrameworkBridgeLifecycleTestCase.cpp">
      <Filter>Code Files</Filter>
    </ClCompile>
    <ClCompile Include="Engine\Code\Engine\Tests\FrameworkObjMeshLoaderTestCase.cpp">
      <Filter>Code Files</Filter>
    </ClCompile>
    <ClCompile Include="Engine\Code\Engine\Tests\FrameworkPipelineStateLifecycleTestCase.cpp">
      <Filter>Code Files</Filter>
    </ClCompile>
    <ClCompile Include="Engine\Code\Engine\Tests\FrameworkRootSignatureLifecycleTestCase.cpp">
      <Filter>Code Files</Filter>
    </ClCompile>
    <ClCompile Include="Engine\Code\Engine\Tests\FrameworkShaderPackageTestCase.cpp">
      <Filter>Code Files</Filter>
    </ClCompile>
    <ClCompile Include="Engine\Code\Engine\Tests\FrameworkWorldSerializationTestCase.cpp">
      <Filter>Code Files</Filter>
    </ClCompile>
    <ClCompile Include="Engine\Code\Engine\Module\Asset\FbxMeshParserStub.cpp">
      <Filter>Code Files</Filter>
    </ClCompile>
    <ClCompile Include="Engine\Code\Engine\Module\Asset\MeshParser.cpp">
      <Filter>Code Files</Filter>
    </ClCompile>
    <ClCompile Include="Engine\Code\Engine\Module\Asset\MeshStreaming.cpp">
      <Filter>Code Files</Filter>
    </ClCompile>
    <ClCompile Include="Engine\Code\Engine\Module\Asset\ObjMeshParser.cpp">
      <Filter>Code Files</Filter>
    </ClCompile>
    <ClCompile Include="Engine\Code\Engine\Module\Asset\ShaderModule.cpp">
      <Filter>Code Files</Filter>
    </ClCompile>
    <ClCompile Include="Engine\Code\Engine\Module\Asset\ShaderPackageModule.cpp">
      <Filter>Code Files</Filter>
    </ClCompile>
    <ClCompile Include="Engine\Code\Engine\Module\Render\GPUUploader.cpp">
      <Filter>Code Files</Filter>
    </ClCompile>
    <ClCompile Include="Engine\Code\Render\Backends\Dx12\Dx12CommandList.cpp">
      <Filter>Code Files</Filter>
    </ClCompile>
    <ClCompile Include="Engine\Code\Render\Backends\Dx12\Dx12CommandQueue.cpp">
      <Filter>Code Files</Filter>
    </ClCompile>
    <ClCompile Include="Engine\Code\Render\Backends\Dx12\Dx12AgilitySdkBootstrap.cpp">
      <Filter>Code Files</Filter>
    </ClCompile>
    <ClCompile Include="Engine\Code\Render\Backends\Dx12\Dx12RenderBackend.cpp">
      <Filter>Code Files</Filter>
    </ClCompile>
    <ClCompile Include="Engine\Code\Render\Backends\Dx12\Dx12SwapChain.cpp">
      <Filter>Code Files</Filter>
    </ClCompile>
    <ClCompile Include="Engine\Code\Render\Backends\Dx12\Dx12SyncObject.cpp">
      <Filter>Code Files</Filter>
    </ClCompile>
    <ClCompile Include="Engine\Code\Render\Backends\RenderBackend.cpp">
      <Filter>Code Files</Filter>
    </ClCompile>
    <ClCompile Include="Engine\Code\Render\RenderCommand.cpp">
      <Filter>Code Files</Filter>
    </ClCompile>
    <ClCompile Include="Engine\Code\Render\Screen.cpp">
      <Filter>Code Files</Filter>
    </ClCompile>
    <ClCompile Include="Engine\Code\Render\Renderer.cpp">
      <Filter>Code Files</Filter>
    </ClCompile>
    <ClCompile Include="Engine\Code\Render\RenderWorld.cpp">
      <Filter>Code Files</Filter>
    </ClCompile>
    <ClCompile Include="Engine\Code\ThirdParty\ImGui\imgui.cpp">
      <Filter>Code Files</Filter>
    </ClCompile>
    <ClCompile Include="Engine\Code\ThirdParty\ImGui\imgui_demo.cpp">
      <Filter>Code Files</Filter>
    </ClCompile>
    <ClCompile Include="Engine\Code\ThirdParty\ImGui\imgui_draw.cpp">
      <Filter>Code Files</Filter>
    </ClCompile>
    <ClCompile Include="Engine\Code\ThirdParty\ImGui\imgui_tables.cpp">
      <Filter>Code Files</Filter>
    </ClCompile>
    <ClCompile Include="Engine\Code\ThirdParty\ImGui\imgui_widgets.cpp">
      <Filter>Code Files</Filter>
    </ClCompile>
    <ClCompile Include="Engine\Code\ThirdParty\ImGui\backends\imgui_impl_dx12.cpp">
      <Filter>Code Files</Filter>
    </ClCompile>
    <ClCompile Include="Engine\Code\ThirdParty\ImGui\backends\imgui_impl_win32.cpp">
      <Filter>Code Files</Filter>
    </ClCompile>
    <ClCompile Include="Engine\Code\ThirdParty\ImGui\misc\cpp\imgui_stdlib.cpp">
      <Filter>Code Files</Filter>
    </ClCompile>
  </ItemGroup>
  <ItemGroup>
    <ClInclude Include="Engine\Code\Bridge\BaseBridge.h">
      <Filter>Header Files</Filter>
    </ClInclude>
    <ClInclude Include="Engine\Code\Bridge\BridgeHandle.h">
      <Filter>Header Files</Filter>
    </ClInclude>
    <ClInclude Include="Engine\Code\Bridge\Brdige.h">
      <Filter>Header Files</Filter>
    </ClInclude>
    <ClInclude Include="Engine\Code\Bridge\DefaultBridge.h">
      <Filter>Header Files</Filter>
    </ClInclude>
    <ClInclude Include="Engine\Code\Bridge\EntityBridge.h">
      <Filter>Header Files</Filter>
    </ClInclude>
    <ClInclude Include="Engine\Code\Bridge\MeshBridge.h">
      <Filter>Header Files</Filter>
    </ClInclude>
    <ClInclude Include="Engine\Code\Engine\Framework\BackendValidation.h">
      <Filter>Header Files</Filter>
    </ClInclude>
    <ClInclude Include="Engine\Code\Engine\Framework\MeshComponent.h">
      <Filter>Header Files</Filter>
    </ClInclude>
    <ClInclude Include="Engine\Code\Engine\Framework\FrameworkFileSystem.h">
      <Filter>Header Files</Filter>
    </ClInclude>
    <ClInclude Include="Engine\Code\Engine\Framework\FrameworkSerialization.h">
      <Filter>Header Files</Filter>
    </ClInclude>
    <ClInclude Include="Engine\Code\Engine\Framework\Component.h">
      <Filter>Header Files</Filter>
    </ClInclude>
    <ClInclude Include="Engine\Code\Engine\Framework\Entity.h">
      <Filter>Header Files</Filter>
    </ClInclude>
    <ClInclude Include="Engine\Code\Engine\Framework\EntityObject.h">
      <Filter>Header Files</Filter>
    </ClInclude>
    <ClInclude Include="Engine\Code\Engine\Framework\FrameworkConstants.h">
      <Filter>Header Files</Filter>
    </ClInclude>
    <ClInclude Include="Engine\Code\Engine\Framework\Framework.h">
      <Filter>Header Files</Filter>
    </ClInclude>
    <ClInclude Include="Engine\Code\Engine\Framework\FrameworkTestCase.h">
      <Filter>Header Files</Filter>
    </ClInclude>
    <ClInclude Include="Engine\Code\Engine\Framework\TestFramework.h">
      <Filter>Header Files</Filter>
    </ClInclude>
    <ClInclude Include="Engine\Code\Engine\Framework\PlaceableEntity.h">
      <Filter>Header Files</Filter>
    </ClInclude>
    <ClInclude Include="Engine\Code\Engine\Framework\Transform.h">
      <Filter>Header Files</Filter>
    </ClInclude>
    <ClInclude Include="Engine\Code\Engine\Framework\World.h">
      <Filter>Header Files</Filter>
    </ClInclude>
    <ClInclude Include="Engine\Code\Engine\Module\Module.h">
      <Filter>Header Files</Filter>
    </ClInclude>
    <ClInclude Include="Engine\Code\Engine\Module\Bridge\BridgeModule.h">
      <Filter>Header Files</Filter>
    </ClInclude>
    <ClInclude Include="Engine\Code\Engine\Module\Singleton.h">
      <Filter>Header Files</Filter>
    </ClInclude>
    <ClInclude Include="Engine\Code\Engine\Module\Render\GPUUploader.h">
      <Filter>Header Files</Filter>
    </ClInclude>
    <ClInclude Include="Engine\Code\Engine\Module\Render\RenderBackendModule.h">
      <Filter>Header Files</Filter>
    </ClInclude>
    <ClInclude Include="Engine\Code\Engine\Module\UI\ImGuiLayerModule.h">
      <Filter>Header Files</Filter>
    </ClInclude>
    <ClInclude Include="Engine\Code\Engine\Module\Timer\Timer.h">
      <Filter>Header Files</Filter>
    </ClInclude>
    <ClInclude Include="Engine\Code\Engine\Tests\EntityTest.h">
      <Filter>Header Files</Filter>
    </ClInclude>
    <ClInclude Include="Engine\Code\Engine\Tests\EmptyComponent.h">
      <Filter>Header Files</Filter>
    </ClInclude>
    <ClInclude Include="Engine\Code\Engine\Tests\FrameworkEntityAddRemoveTestCase.h">
      <Filter>Header Files</Filter>
    </ClInclude>
    <ClInclude Include="Engine\Code\Engine\Tests\FrameworkEntityUpdateTestCase.h">
      <Filter>Header Files</Filter>
    </ClInclude>
    <ClInclude Include="Engine\Code\Engine\Tests\FrameworkEntityBridgeTestCase.h">
      <Filter>Header Files</Filter>
    </ClInclude>
    <ClInclude Include="Engine\Code\Engine\Tests\FrameworkEntityBridgeSyncTestCase.h">
      <Filter>Header Files</Filter>
    </ClInclude>
    <ClInclude Include="Engine\Code\Engine\Tests\FrameworkRenderWorldTestCase.h">
      <Filter>Header Files</Filter>
    </ClInclude>
    <ClInclude Include="Engine\Code\Engine\Tests\FrameworkBridgeLifecycleTestCase.h">
      <Filter>Header Files</Filter>
    </ClInclude>
    <ClInclude Include="Engine\Code\Engine\Tests\FrameworkObjMeshLoaderTestCase.h">
      <Filter>Header Files</Filter>
    </ClInclude>
    <ClInclude Include="Engine\Code\Engine\Tests\FrameworkPipelineStateLifecycleTestCase.h">
      <Filter>Header Files</Filter>
    </ClInclude>
    <ClInclude Include="Engine\Code\Engine\Tests\FrameworkRootSignatureLifecycleTestCase.h">
      <Filter>Header Files</Filter>
    </ClInclude>
    <ClInclude Include="Engine\Code\Engine\Tests\FrameworkShaderPackageTestCase.h">
      <Filter>Header Files</Filter>
    </ClInclude>
    <ClInclude Include="Engine\Code\Engine\Tests\FrameworkWorldSerializationTestCase.h">
      <Filter>Header Files</Filter>
    </ClInclude>
    <ClInclude Include="Engine\Code\Engine\Tests\UpdateOrderRecordingComponent.h">
      <Filter>Header Files</Filter>
    </ClInclude>
    <ClInclude Include="Engine\Code\Engine\Platform\PlatformDefine.h">
      <Filter>Header Files</Filter>
    </ClInclude>
    <ClInclude Include="Engine\Code\Engine\Platform\PlatformDefineWin32.h">
      <Filter>Header Files</Filter>
    </ClInclude>
    <ClInclude Include="Engine\Code\Engine\Platform\PlatformDefineAndroid.h">
      <Filter>Header Files</Filter>
    </ClInclude>
    <ClInclude Include="Engine\Code\Engine\Platform\PlatformDefineApple.h">
      <Filter>Header Files</Filter>
    </ClInclude>
    <ClInclude Include="Engine\Code\Engine\Platform\InplaceVector.h">
      <Filter>Header Files</Filter>
    </ClInclude>
    <ClInclude Include="Engine\Code\Engine\Platform\Math.h">
      <Filter>Header Files</Filter>
    </ClInclude>
    <ClInclude Include="Engine\Code\Engine\Platform\SIMDMath.h">
      <Filter>Header Files</Filter>
    </ClInclude>
    <ClInclude Include="Engine\Code\Render\Backends\Dx12\Dx12CommandList.h">
      <Filter>Header Files</Filter>
    </ClInclude>
    <ClInclude Include="Engine\Code\Render\Backends\Dx12\Dx12CommandQueue.h">
      <Filter>Header Files</Filter>
    </ClInclude>
    <ClInclude Include="Engine\Code\Render\Backends\Dx12\Dx12Converter.h">
      <Filter>Header Files</Filter>
    </ClInclude>
    <ClInclude Include="Engine\Code\Render\Backends\Dx12\Dx12DepthStencilView.h">
      <Filter>Header Files</Filter>
    </ClInclude>
    <ClInclude Include="Engine\Code\Render\Backends\Dx12\Dx12RenderBackend.h">
      <Filter>Header Files</Filter>
    </ClInclude>
    <ClInclude Include="Engine\Code\Render\Backends\Dx12\Dx12PipelineStateDesc.h">
      <Filter>Header Files</Filter>
    </ClInclude>
    <ClInclude Include="Engine\Code\Render\Backends\Dx12\Dx12PipelineStateObject.h">
      <Filter>Header Files</Filter>
    </ClInclude>
    <ClInclude Include="Engine\Code\Render\Backends\Dx12\Dx12RenderTargetView.h">
      <Filter>Header Files</Filter>
    </ClInclude>
    <ClInclude Include="Engine\Code\Render\Backends\Dx12\Dx12RootSignatureDesc.h">
      <Filter>Header Files</Filter>
    </ClInclude>
    <ClInclude Include="Engine\Code\Render\Backends\Dx12\Dx12RootSignatureObject.h">
      <Filter>Header Files</Filter>
    </ClInclude>
    <ClInclude Include="Engine\Code\Render\Backends\Dx12\Dx12ResourceObject.h">
      <Filter>Header Files</Filter>
    </ClInclude>
    <ClInclude Include="Engine\Code\Render\Backends\Dx12\Dx12SwapChain.h">
      <Filter>Header Files</Filter>
    </ClInclude>
    <ClInclude Include="Engine\Code\Render\Backends\Dx12\Dx12SyncObject.h">
      <Filter>Header Files</Filter>
    </ClInclude>
    <ClInclude Include="Engine\Code\Render\Backends\RenderBackendDefinitions.h">
      <Filter>Header Files</Filter>
    </ClInclude>
    <ClInclude Include="Engine\Code\Render\Backends\RenderBackend.h">
      <Filter>Header Files</Filter>
    </ClInclude>
    <ClInclude Include="Engine\Code\Engine\Module\Asset\FbxMeshParserStub.h">
      <Filter>Header Files</Filter>
    </ClInclude>
    <ClInclude Include="Engine\Code\Engine\Module\Asset\MeshParser.h">
      <Filter>Header Files</Filter>
    </ClInclude>
    <ClInclude Include="Engine\Code\Engine\Module\Asset\MeshStreaming.h">
      <Filter>Header Files</Filter>
    </ClInclude>
    <ClInclude Include="Engine\Code\Engine\Module\Asset\ObjMeshParser.h">
      <Filter>Header Files</Filter>
    </ClInclude>
    <ClInclude Include="Engine\Code\Engine\Module\Asset\ShaderModule.h">
      <Filter>Header Files</Filter>
    </ClInclude>
    <ClInclude Include="Engine\Code\Engine\Module\Asset\ShaderPackageModule.h">
      <Filter>Header Files</Filter>
    </ClInclude>
    <ClInclude Include="Engine\Code\Render\CommandList.h">
      <Filter>Header Files</Filter>
    </ClInclude>
    <ClInclude Include="Engine\Code\Render\DepthStencilView.h">
      <Filter>Header Files</Filter>
    </ClInclude>
    <ClInclude Include="Engine\Code\Render\CommandQueue.h">
      <Filter>Header Files</Filter>
    </ClInclude>
    <ClInclude Include="Engine\Code\Render\RenderCommand.h">
      <Filter>Header Files</Filter>
    </ClInclude>
    <ClInclude Include="Engine\Code\Render\RenderTargetView.h">
      <Filter>Header Files</Filter>
    </ClInclude>
    <ClInclude Include="Engine\Code\Render\PipelineStateManager.h">
      <Filter>Header Files</Filter>
    </ClInclude>
    <ClInclude Include="Engine\Code\Render\PipelineStateObject.h">
      <Filter>Header Files</Filter>
    </ClInclude>
    <ClInclude Include="Engine\Code\Render\RootSignatureManager.h">
      <Filter>Header Files</Filter>
    </ClInclude>
    <ClInclude Include="Engine\Code\Render\RootSignatureObject.h">
      <Filter>Header Files</Filter>
    </ClInclude>
    <ClInclude Include="Engine\Code\Render\ResourceObject.h">
      <Filter>Header Files</Filter>
    </ClInclude>
    <ClInclude Include="Engine\Code\Render\ResourceState.h">
      <Filter>Header Files</Filter>
    </ClInclude>
    <ClInclude Include="Engine\Code\Render\SyncObject.h">
      <Filter>Header Files</Filter>
    </ClInclude>
    <ClInclude Include="Engine\Code\Render\SwapChain.h">
      <Filter>Header Files</Filter>
    </ClInclude>
    <ClInclude Include="Engine\Code\Render\Screen.h">
      <Filter>Header Files</Filter>
    </ClInclude>
    <ClInclude Include="Engine\Code\Render\ShaderAsset.h">
      <Filter>Header Files</Filter>
    </ClInclude>
    <ClInclude Include="Engine\Code\Render\Renderer.h">
      <Filter>Header Files</Filter>
    </ClInclude>
    <ClInclude Include="Engine\Code\Render\RenderWorld.h">
      <Filter>Header Files</Filter>
    </ClInclude>
    <ClInclude Include="Engine\Code\Render\RenderTypes.h">
      <Filter>Header Files</Filter>
    </ClInclude>
    <ClInclude Include="Engine\Code\Render\ResourceTypes.h">
      <Filter>Header Files</Filter>
    </ClInclude>
    <ClInclude Include="Engine\Code\Engine\Window\WindowsWindowObject.h">
      <Filter>Header Files</Filter>
    </ClInclude>
    <ClInclude Include="Engine\Code\ThirdParty\ImGui\imgui.h">
      <Filter>Header Files</Filter>
    </ClInclude>
    <ClInclude Include="Engine\Code\ThirdParty\ImGui\imgui_internal.h">
      <Filter>Header Files</Filter>
    </ClInclude>
    <ClInclude Include="Engine\Code\ThirdParty\ImGui\imconfig.h">
      <Filter>Header Files</Filter>
    </ClInclude>
    <ClInclude Include="Engine\Code\ThirdParty\ImGui\imstb_rectpack.h">
      <Filter>Header Files</Filter>
    </ClInclude>
    <ClInclude Include="Engine\Code\ThirdParty\ImGui\imstb_textedit.h">
      <Filter>Header Files</Filter>
    </ClInclude>
    <ClInclude Include="Engine\Code\ThirdParty\ImGui\imstb_truetype.h">
      <Filter>Header Files</Filter>
    </ClInclude>
    <ClInclude Include="Engine\Code\ThirdParty\ImGui\backends\imgui_impl_dx12.h">
      <Filter>Header Files</Filter>
    </ClInclude>
    <ClInclude Include="Engine\Code\ThirdParty\ImGui\backends\imgui_impl_win32.h">
      <Filter>Header Files</Filter>
    </ClInclude>
    <ClInclude Include="Engine\Code\ThirdParty\ImGui\misc\cpp\imgui_stdlib.h">
      <Filter>Header Files</Filter>
    </ClInclude>
  </ItemGroup>
</Project>
