<?xml version="1.0" encoding="utf-8"?>
<Project ToolsVersion="4.0" xmlns="http://schemas.microsoft.com/developer/msbuild/2003">
  <ItemGroup>
    <Filter Include="Code Files">
      <UniqueIdentifier>{D5DD39DF-E80B-4E73-B01F-6537408F54E2}</UniqueIdentifier>
      <Extensions>cpp;c;cc;cxx;c++;cppm;ixx</Extensions>
    </Filter>
    <Filter Include="Header Files">
      <UniqueIdentifier>{EDAAED8A-1DE3-4E7F-9B4A-E9CEBD04D6D7}</UniqueIdentifier>
      <Extensions>h;hh;hpp;hxx;h++;inl;inc;ipp</Extensions>
    </Filter>
  </ItemGroup>
  <ItemGroup>
    <ClCompile Include="Engine\Code\Engine\Main.cpp">
      <Filter>Code Files</Filter>
    </ClCompile>
    <ClCompile Include="Engine\Code\Engine\Framework\Entity.cpp">
      <Filter>Code Files</Filter>
    </ClCompile>
    <ClCompile Include="Engine\Code\Engine\Framework\Framework.cpp">
      <Filter>Code Files</Filter>
    </ClCompile>
    <ClCompile Include="Engine\Code\Engine\Framework\FrameworkTestCase.cpp">
      <Filter>Code Files</Filter>
    </ClCompile>
    <ClCompile Include="Engine\Code\Engine\Framework\TestFramework.cpp">
      <Filter>Code Files</Filter>
    </ClCompile>
    <ClCompile Include="Engine\Code\Engine\Framework\PlaceableEntity.cpp">
      <Filter>Code Files</Filter>
    </ClCompile>
    <ClCompile Include="Engine\Code\Engine\Framework\World.cpp">
      <Filter>Code Files</Filter>
    </ClCompile>
    <ClCompile Include="Engine\Code\Engine\Window\WindowsWindowObject.cpp">
      <Filter>Code Files</Filter>
    </ClCompile>
    <ClCompile Include="Engine\Code\Engine\Tests\EntityTest.cpp">
      <Filter>Code Files</Filter>
    </ClCompile>
  </ItemGroup>
  <ItemGroup>
    <ClInclude Include="Engine\Code\Engine\Framework\Component.h">
      <Filter>Header Files</Filter>
    </ClInclude>
    <ClInclude Include="Engine\Code\Engine\Framework\Entity.h">
      <Filter>Header Files</Filter>
    </ClInclude>
    <ClInclude Include="Engine\Code\Engine\Framework\FrameworkConstants.h">
      <Filter>Header Files</Filter>
    </ClInclude>
    <ClInclude Include="Engine\Code\Engine\Framework\Framework.h">
      <Filter>Header Files</Filter>
    </ClInclude>
    <ClInclude Include="Engine\Code\Engine\Framework\FrameworkTestCase.h">
      <Filter>Header Files</Filter>
    </ClInclude>
    <ClInclude Include="Engine\Code\Engine\Framework\TestFramework.h">
      <Filter>Header Files</Filter>
    </ClInclude>
    <ClInclude Include="Engine\Code\Engine\Framework\PlaceableEntity.h">
      <Filter>Header Files</Filter>
    </ClInclude>
    <ClInclude Include="Engine\Code\Engine\Framework\Transform.h">
      <Filter>Header Files</Filter>
    </ClInclude>
    <ClInclude Include="Engine\Code\Engine\Framework\World.h">
      <Filter>Header Files</Filter>
    </ClInclude>
    <ClInclude Include="Engine\Code\Engine\Platform\PlatformDefine.h">
      <Filter>Header Files</Filter>
    </ClInclude>
    <ClInclude Include="Engine\Code\Engine\Platform\PlatformDefineWin32.h">
      <Filter>Header Files</Filter>
    </ClInclude>
    <ClInclude Include="Engine\Code\Engine\Platform\PlatformDefineAndroid.h">
      <Filter>Header Files</Filter>
    </ClInclude>
    <ClInclude Include="Engine\Code\Engine\Platform\PlatformDefineApple.h">
      <Filter>Header Files</Filter>
    </ClInclude>
    <ClInclude Include="Engine\Code\Render\ResourceTypes.h">
      <Filter>Header Files</Filter>
    </ClInclude>
    <ClInclude Include="Engine\Code\Engine\Window\WindowsWindowObject.h">
      <Filter>Header Files</Filter>
    </ClInclude>
  </ItemGroup>
</Project>
